{
  "requires": true,
  "lockfileVersion": 1,
  "dependencies": {
    "flatted": {
      "version": "2.0.0",
      "resolved": "https://registry.npmjs.org/flatted/-/flatted-2.0.0.tgz",
      "integrity": "sha512-R+H8IZclI8AAkSBRQJLVOsxwAoHd6WC40b4QTNWIjzAa6BXOBfQcM587MXDTVPeYaopFNWHUFLx7eNmHDSxMWg=="
    }
  }
}
